
Microsoft Visual Studio Solution File, Format Version 12.00
# Visual Studio Version 17
VisualStudioVersion = 17.0.32126.317
MinimumVisualStudioVersion = 10.0.40219.1
Project("{9A19103F-16F7-4668-BE54-9A1E7A4F7556}") = "PiraSoft.Tools.Core", "PiraSoft.Tools.Core\PiraSoft.Tools.Core.csproj", "{36F64D5D-0D0A-4A59-9CEC-6B541967A8CC}"
EndProject
Project("{2150E333-8FDC-42A3-9474-1A3956D46DE8}") = "Solution Items", "Solution Items", "{913A5373-4144-425C-91E6-BE3B67B0B742}"
	ProjectSection(SolutionItems) = preProject
		.editorconfig = .editorconfig
		.gitignore = .gitignore
		SonarQube.ps1 = SonarQube.ps1
	EndProjectSection
EndProject
Project("{2150E333-8FDC-42A3-9474-1A3956D46DE8}") = "UnitTest", "UnitTest", "{A98A561E-C188-427C-9D92-5687C1B713EF}"
EndProject
Project("{9A19103F-16F7-4668-BE54-9A1E7A4F7556}") = "PiraSoft.Tools.UnitTest", "PiraSoft.Tools.Core.UnitTest\PiraSoft.Tools.UnitTest.csproj", "{2DAEA77D-5D3C-4444-8DEE-F850C87DA77A}"
EndProject
Project("{9A19103F-16F7-4668-BE54-9A1E7A4F7556}") = "PiraSoft.Tools.Data", "PiraSoft.Tools.Data.Abstractions\PiraSoft.Tools.Data.csproj", "{ED8AC236-8B50-46EE-9CA5-7894749D7828}"
EndProject
Project("{9A19103F-16F7-4668-BE54-9A1E7A4F7556}") = "PiraSoft.Tools.Data.SqlClient", "PiraSoft.Tools.Data.SqlClient\PiraSoft.Tools.Data.SqlClient.csproj", "{998C5B3C-197D-43E2-BB47-9AAABCDC1CF5}"
EndProject
Global
	GlobalSection(SolutionConfigurationPlatforms) = preSolution
		Debug|Any CPU = Debug|Any CPU
		Release|Any CPU = Release|Any CPU
	EndGlobalSection
	GlobalSection(ProjectConfigurationPlatforms) = postSolution
		{36F64D5D-0D0A-4A59-9CEC-6B541967A8CC}.Debug|Any CPU.ActiveCfg = Debug|Any CPU
		{36F64D5D-0D0A-4A59-9CEC-6B541967A8CC}.Debug|Any CPU.Build.0 = Debug|Any CPU
		{36F64D5D-0D0A-4A59-9CEC-6B541967A8CC}.Release|Any CPU.ActiveCfg = Release|Any CPU
		{36F64D5D-0D0A-4A59-9CEC-6B541967A8CC}.Release|Any CPU.Build.0 = Release|Any CPU
		{2DAEA77D-5D3C-4444-8DEE-F850C87DA77A}.Debug|Any CPU.ActiveCfg = Debug|Any CPU
		{2DAEA77D-5D3C-4444-8DEE-F850C87DA77A}.Debug|Any CPU.Build.0 = Debug|Any CPU
		{2DAEA77D-5D3C-4444-8DEE-F850C87DA77A}.Release|Any CPU.ActiveCfg = Release|Any CPU
		{2DAEA77D-5D3C-4444-8DEE-F850C87DA77A}.Release|Any CPU.Build.0 = Release|Any CPU
		{ED8AC236-8B50-46EE-9CA5-7894749D7828}.Debug|Any CPU.ActiveCfg = Debug|Any CPU
		{ED8AC236-8B50-46EE-9CA5-7894749D7828}.Debug|Any CPU.Build.0 = Debug|Any CPU
		{ED8AC236-8B50-46EE-9CA5-7894749D7828}.Release|Any CPU.ActiveCfg = Release|Any CPU
		{ED8AC236-8B50-46EE-9CA5-7894749D7828}.Release|Any CPU.Build.0 = Release|Any CPU
		{998C5B3C-197D-43E2-BB47-9AAABCDC1CF5}.Debug|Any CPU.ActiveCfg = Debug|Any CPU
		{998C5B3C-197D-43E2-BB47-9AAABCDC1CF5}.Debug|Any CPU.Build.0 = Debug|Any CPU
		{998C5B3C-197D-43E2-BB47-9AAABCDC1CF5}.Release|Any CPU.ActiveCfg = Release|Any CPU
		{998C5B3C-197D-43E2-BB47-9AAABCDC1CF5}.Release|Any CPU.Build.0 = Release|Any CPU
	EndGlobalSection
	GlobalSection(SolutionProperties) = preSolution
		HideSolutionNode = FALSE
	EndGlobalSection
	GlobalSection(NestedProjects) = preSolution
		{2DAEA77D-5D3C-4444-8DEE-F850C87DA77A} = {A98A561E-C188-427C-9D92-5687C1B713EF}
	EndGlobalSection
	GlobalSection(ExtensibilityGlobals) = postSolution
		SolutionGuid = {EE4D3CCC-3428-4C79-9E88-583417D9E7FC}
	EndGlobalSection
EndGlobal
